// !$*UTF8*$!
{
	archiveVersion = 1;
	classes = {
	};
	objectVersion = 46;
	objects = {

/* Begin PBXBuildFile section */
		DD6A7DF21CBF7DB700F9B246 /* AppDelegate.swift in Sources */ = {isa = PBXBuildFile; fileRef = DD6A7DF11CBF7DB700F9B246 /* AppDelegate.swift */; };
		DD6A7DF41CBF7DB700F9B246 /* ViewController.swift in Sources */ = {isa = PBXBuildFile; fileRef = DD6A7DF31CBF7DB700F9B246 /* ViewController.swift */; };
		DD6A7DF71CBF7DB700F9B246 /* Main.storyboard in Resources */ = {isa = PBXBuildFile; fileRef = DD6A7DF51CBF7DB700F9B246 /* Main.storyboard */; };
		DD6A7DF91CBF7DB700F9B246 /* Assets.xcassets in Resources */ = {isa = PBXBuildFile; fileRef = DD6A7DF81CBF7DB700F9B246 /* Assets.xcassets */; };
		DD6A7DFC1CBF7DB700F9B246 /* LaunchScreen.storyboard in Resources */ = {isa = PBXBuildFile; fileRef = DD6A7DFA1CBF7DB700F9B246 /* LaunchScreen.storyboard */; };
/* End PBXBuildFile section */

/* Begin PBXFileReference section */
		DD6A7DEE1CBF7DB700F9B246 /* contacts.app */ = {isa = PBXFileReference; explicitFileType = wrapper.application; includeInIndex = 0; path = contacts.app; sourceTree = BUILT_PRODUCTS_DIR; };
		DD6A7DF11CBF7DB700F9B246 /* AppDelegate.swift */ = {isa = PBXFileReference; lastKnownFileType = sourcecode.swift; path = AppDelegate.swift; sourceTree = "<group>"; };
		DD6A7DF31CBF7DB700F9B246 /* ViewController.swift */ = {isa = PBXFileReference; lastKnownFileType = sourcecode.swift; path = ViewController.swift; sourceTree = "<group>"; };
		DD6A7DF61CBF7DB700F9B246 /* Base */ = {isa = PBXFileReference; lastKnownFileType = file.storyboard; name = Base; path = Base.lproj/Main.storyboard; sourceTree = "<group>"; };
		DD6A7DF81CBF7DB700F9B246 /* Assets.xcassets */ = {isa = PBXFileReference; lastKnownFileType = folder.assetcatalog; path = Assets.xcassets; sourceTree = "<group>"; };
		DD6A7DFB1CBF7DB700F9B246 /* Base */ = {isa = PBXFileReference; lastKnownFileType = file.storyboard; name = Base; path = Base.lproj/LaunchScreen.storyboard; sourceTree = "<group>"; };
		DD6A7DFD1CBF7DB700F9B246 /* Info.plist */ = {isa = PBXFileReference; lastKnownFileType = text.plist.xml; path = Info.plist; sourceTree = "<group>"; };
/* End PBXFileReference section */

/* Begin PBXFrameworksBuildPhase section */
		DD6A7DEB1CBF7DB700F9B246 /* Frameworks */ = {
			isa = PBXFrameworksBuildPhase;
			buildActionMask = 2147483647;
			files = (
			);
			runOnlyForDeploymentPostprocessing = 0;
		};
/* End PBXFrameworksBuildPhase section */

/* Begin PBXGroup section */
		DD6A7DE51CBF7DB700F9B246 = {
			isa = PBXGroup;
			children = (
				DD6A7DF01CBF7DB700F9B246 /* contacts */,
				DD6A7DEF1CBF7DB700F9B246 /* Products */,
			);
			sourceTree = "<group>";
		};
		DD6A7DEF1CBF7DB700F9B246 /* Products */ = {
			isa = PBXGroup;
			children = (
				DD6A7DEE1CBF7DB700F9B246 /* contacts.app */,
			);
			name = Products;
			sourceTree = "<group>";
		};
		DD6A7DF01CBF7DB700F9B246 /* contacts */ = {
			isa = PBXGroup;
			children = (
				DD6A7DF11CBF7DB700F9B246 /* AppDelegate.swift */,
				DD6A7DF31CBF7DB700F9B246 /* ViewController.swift */,
				DD6A7DF51CBF7DB700F9B246 /* Main.storyboard */,
				DD6A7DF81CBF7DB700F9B246 /* Assets.xcassets */,
				DD6A7DFA1CBF7DB700F9B246 /* LaunchScreen.storyboard */,
				DD6A7DFD1CBF7DB700F9B246 /* Info.plist */,
			);
			path = contacts;
			sourceTree = "<group>";
		};
/* End PBXGroup section */

/* Begin PBXNativeTarget section */
		DD6A7DED1CBF7DB700F9B246 /* contacts */ = {
			isa = PBXNativeTarget;
			buildConfigurationList = DD6A7E001CBF7DB700F9B246 /* Build configuration list for PBXNativeTarget "contacts" */;
			buildPhases = (
				DD6A7DEA1CBF7DB700F9B246 /* Sources */,
				DD6A7DEB1CBF7DB700F9B246 /* Frameworks */,
				DD6A7DEC1CBF7DB700F9B246 /* Resources */,
			);
			buildRules = (
			);
			dependencies = (
			);
			name = contacts;
			productName = contacts;
			productReference = DD6A7DEE1CBF7DB700F9B246 /* contacts.app */;
			productType = "com.apple.product-type.application";
		};
/* End PBXNativeTarget section */

/* Begin PBXProject section */
		DD6A7DE61CBF7DB700F9B246 /* Project object */ = {
			isa = PBXProject;
			attributes = {
				LastSwiftUpdateCheck = 0720;
				LastUpgradeCheck = 0720;
				ORGANIZATIONNAME = dwnnis;
				TargetAttributes = {
					DD6A7DED1CBF7DB700F9B246 = {
						CreatedOnToolsVersion = 7.2;
						DevelopmentTeam = RFCBWA848L;
					};
				};
			};
			buildConfigurationList = DD6A7DE91CBF7DB700F9B246 /* Build configuration list for PBXProject "contacts" */;
			compatibilityVersion = "Xcode 3.2";
			developmentRegion = English;
			hasScannedForEncodings = 0;
			knownRegions = (
				en,
				Base,
			);
			mainGroup = DD6A7DE51CBF7DB700F9B246;
			productRefGroup = DD6A7DEF1CBF7DB700F9B246 /* Products */;
			projectDirPath = "";
			projectRoot = "";
			targets = (
				DD6A7DED1CBF7DB700F9B246 /* contacts */,
			);
		};
/* End PBXProject section */

/* Begin PBXResourcesBuildPhase section */
		DD6A7DEC1CBF7DB700F9B246 /* Resources */ = {
			isa = PBXResourcesBuildPhase;
			buildActionMask = 2147483647;
			files = (
				DD6A7DFC1CBF7DB700F9B246 /* LaunchScreen.storyboard in Resources */,
				DD6A7DF91CBF7DB700F9B246 /* Assets.xcassets in Resources */,
				DD6A7DF71CBF7DB700F9B246 /* Main.storyboard in Resources */,
			);
			runOnlyForDeploymentPostprocessing = 0;
		};
/* End PBXResourcesBuildPhase section */

/* Begin PBXSourcesBuildPhase section */
		DD6A7DEA1CBF7DB700F9B246 /* Sources */ = {
			isa = PBXSourcesBuildPhase;
			buildActionMask = 2147483647;
			files = (
				DD6A7DF41CBF7DB700F9B246 /* ViewController.swift in Sources */,
				DD6A7DF21CBF7DB700F9B246 /* AppDelegate.swift in Sources */,
			);
			runOnlyForDeploymentPostprocessing = 0;
		};
/* End PBXSourcesBuildPhase section */

/* Begin PBXVariantGroup section */
		DD6A7DF51CBF7DB700F9B246 /* Main.storyboard */ = {
			isa = PBXVariantGroup;
			children = (
				DD6A7DF61CBF7DB700F9B246 /* Base */,
			);
			name = Main.storyboard;
			sourceTree = "<group>";
		};
		DD6A7DFA1CBF7DB700F9B246 /* LaunchScreen.storyboard */ = {
			isa = PBXVariantGroup;
			children = (
				DD6A7DFB1CBF7DB700F9B246 /* Base */,
			);
			name = LaunchScreen.storyboard;
			sourceTree = "<group>";
		};
/* End PBXVariantGroup section */

/* Begin XCBuildConfiguration section */
		DD6A7DFE1CBF7DB700F9B246 /* Debug */ = {
			isa = XCBuildConfiguration;
			buildSettings = {
				ALWAYS_SEARCH_USER_PATHS = NO;
				CLANG_CXX_LANGUAGE_STANDARD = "gnu++0x";
				CLANG_CXX_LIBRARY = "libc++";
				CLANG_ENABLE_MODULES = YES;
				CLANG_ENABLE_OBJC_ARC = YES;
				CLANG_WARN_BOOL_CONVERSION = YES;
				CLANG_WARN_CONSTANT_CONVERSION = YES;
				CLANG_WARN_DIRECT_OBJC_ISA_USAGE = YES_ERROR;
				CLANG_WARN_EMPTY_BODY = YES;
				CLANG_WARN_ENUM_CONVERSION = YES;
				CLANG_WARN_INT_CONVERSION = YES;
				CLANG_WARN_OBJC_ROOT_CLASS = YES_ERROR;
				CLANG_WARN_UNREACHABLE_CODE = YES;
				CLANG_WARN__DUPLICATE_METHOD_MATCH = YES;
				"CODE_SIGN_IDENTITY[sdk=iphoneos*]" = "iPhone Developer";
				COPY_PHASE_STRIP = NO;
				DEBUG_INFORMATION_FORMAT = dwarf;
				ENABLE_STRICT_OBJC_MSGSEND = YES;
				ENABLE_TESTABILITY = YES;
				GCC_C_LANGUAGE_STANDARD = gnu99;
				GCC_DYNAMIC_NO_PIC = NO;
				GCC_NO_COMMON_BLOCKS = YES;
				GCC_OPTIMIZATION_LEVEL = 0;
				GCC_PREPROCESSOR_DEFINITIONS = (
					"DEBUG=1",
					"$(inherited)",
				);
				GCC_WARN_64_TO_32_BIT_CONVERSION = YES;
				GCC_WARN_ABOUT_RETURN_TYPE = YES_ERROR;
				GCC_WARN_UNDECLARED_SELECTOR = YES;
				GCC_WARN_UNINITIALIZED_AUTOS = YES_AGGRESSIVE;
				GCC_WARN_UNUSED_FUNCTION = YES;
				GCC_WARN_UNUSED_VARIABLE = YES;
				IPHONEOS_DEPLOYMENT_TARGET = 9.2;
				MTL_ENABLE_DEBUG_INFO = YES;
				ONLY_ACTIVE_ARCH = YES;
				SDKROOT = iphoneos;
				SWIFT_OPTIMIZATION_LEVEL = "-Onone";
				TARGETED_DEVICE_FAMILY = "1,2";
			};
			name = Debug;
		};
		DD6A7DFF1CBF7DB700F9B246 /* Release */ = {
			isa = XCBuildConfiguration;
			buildSettings = {
				ALWAYS_SEARCH_USER_PATHS = NO;
				CLANG_CXX_LANGUAGE_STANDARD = "gnu++0x";
				CLANG_CXX_LIBRARY = "libc++";
				CLANG_ENABLE_MODULES = YES;
				CLANG_ENABLE_OBJC_ARC = YES;
				CLANG_WARN_BOOL_CONVERSION = YES;
				CLANG_WARN_CONSTANT_CONVERSION = YES;
				CLANG_WARN_DIRECT_OBJC_ISA_USAGE = YES_ERROR;
				CLANG_WARN_EMPTY_BODY = YES;
				CLANG_WARN_ENUM_CONVERSION = YES;
				CLANG_WARN_INT_CONVERSION = YES;
				CLANG_WARN_OBJC_ROOT_CLASS = YES_ERROR;
				CLANG_WARN_UNREACHABLE_CODE = YES;
				CLANG_WARN__DUPLICATE_METHOD_MATCH = YES;
				"CODE_SIGN_IDENTITY[sdk=iphoneos*]" = "iPhone Developer";
				COPY_PHASE_STRIP = NO;
				DEBUG_INFORMATION_FORMAT = "dwarf-with-dsym";
				ENABLE_NS_ASSERTIONS = NO;
				ENABLE_STRICT_OBJC_MSGSEND = YES;
				GCC_C_LANGUAGE_STANDARD = gnu99;
				GCC_NO_COMMON_BLOCKS = YES;
				GCC_WARN_64_TO_32_BIT_CONVERSION = YES;
				GCC_WARN_ABOUT_RETURN_TYPE = YES_ERROR;
				GCC_WARN_UNDECLARED_SELECTOR = YES;
				GCC_WARN_UNINITIALIZED_AUTOS = YES_AGGRESSIVE;
				GCC_WARN_UNUSED_FUNCTION = YES;
				GCC_WARN_UNUSED_VARIABLE = YES;
				IPHONEOS_DEPLOYMENT_TARGET = 9.2;
				MTL_ENABLE_DEBUG_INFO = NO;
				SDKROOT = iphoneos;
				TARGETED_DEVICE_FAMILY = "1,2";
				VALIDATE_PRODUCT = YES;
			};
			name = Release;
		};
		DD6A7E011CBF7DB700F9B246 /* Debug */ = {
			isa = XCBuildConfiguration;
			buildSettings = {
				ASSETCATALOG_COMPILER_APPICON_NAME = AppIcon;
				INFOPLIST_FILE = contacts/Info.plist;
				LD_RUNPATH_SEARCH_PATHS = "$(inherited) @executable_path/Frameworks";
				PRODUCT_BUNDLE_IDENTIFIER = tw.dwnnis.contacts;
				PRODUCT_NAME = "$(TARGET_NAME)";
			};
			name = Debug;
		};
		DD6A7E021CBF7DB700F9B246 /* Release */ = {
			isa = XCBuildConfiguration;
			buildSettings = {
				ASSETCATALOG_COMPILER_APPICON_NAME = AppIcon;
				INFOPLIST_FILE = contacts/Info.plist;
				LD_RUNPATH_SEARCH_PATHS = "$(inherited) @executable_path/Frameworks";
				PRODUCT_BUNDLE_IDENTIFIER = tw.dwnnis.contacts;
				PRODUCT_NAME = "$(TARGET_NAME)";
			};
			name = Release;
		};
/* End XCBuildConfiguration section */

/* Begin XCConfigurationList section */
		DD6A7DE91CBF7DB700F9B246 /* Build configuration list for PBXProject "contacts" */ = {
			isa = XCConfigurationList;
			buildConfigurations = (
				DD6A7DFE1CBF7DB700F9B246 /* Debug */,
				DD6A7DFF1CBF7DB700F9B246 /* Release */,
			);
			defaultConfigurationIsVisible = 0;
			defaultConfigurationName = Release;
		};
		DD6A7E001CBF7DB700F9B246 /* Build configuration list for PBXNativeTarget "contacts" */ = {
			isa = XCConfigurationList;
			buildConfigurations = (
				DD6A7E011CBF7DB700F9B246 /* Debug */,
				DD6A7E021CBF7DB700F9B246 /* Release */,
			);
			defaultConfigurationIsVisible = 0;
		};
/* End XCConfigurationList section */
	};
	rootObject = DD6A7DE61CBF7DB700F9B246 /* Project object */;
}
