// !$*UTF8*$!
{
	archiveVersion = 1;
	classes = {
	};
	objectVersion = 46;
	objects = {

/* Begin PBXBuildFile section */
		DDC1505F1CD1F32D0015FE59 /* AppDelegate.swift in Sources */ = {isa = PBXBuildFile; fileRef = DDC1505E1CD1F32D0015FE59 /* AppDelegate.swift */; };
		DDC150611CD1F32D0015FE59 /* ViewController.swift in Sources */ = {isa = PBXBuildFile; fileRef = DDC150601CD1F32D0015FE59 /* ViewController.swift */; };
		DDC150641CD1F32D0015FE59 /* Main.storyboard in Resources */ = {isa = PBXBuildFile; fileRef = DDC150621CD1F32D0015FE59 /* Main.storyboard */; };
		DDC150661CD1F32D0015FE59 /* Assets.xcassets in Resources */ = {isa = PBXBuildFile; fileRef = DDC150651CD1F32D0015FE59 /* Assets.xcassets */; };
		DDC150691CD1F32D0015FE59 /* LaunchScreen.storyboard in Resources */ = {isa = PBXBuildFile; fileRef = DDC150671CD1F32D0015FE59 /* LaunchScreen.storyboard */; };
/* End PBXBuildFile section */

/* Begin PBXFileReference section */
		DDC1505B1CD1F32D0015FE59 /* tableview-practice.app */ = {isa = PBXFileReference; explicitFileType = wrapper.application; includeInIndex = 0; path = "tableview-practice.app"; sourceTree = BUILT_PRODUCTS_DIR; };
		DDC1505E1CD1F32D0015FE59 /* AppDelegate.swift */ = {isa = PBXFileReference; lastKnownFileType = sourcecode.swift; path = AppDelegate.swift; sourceTree = "<group>"; };
		DDC150601CD1F32D0015FE59 /* ViewController.swift */ = {isa = PBXFileReference; lastKnownFileType = sourcecode.swift; path = ViewController.swift; sourceTree = "<group>"; };
		DDC150631CD1F32D0015FE59 /* Base */ = {isa = PBXFileReference; lastKnownFileType = file.storyboard; name = Base; path = Base.lproj/Main.storyboard; sourceTree = "<group>"; };
		DDC150651CD1F32D0015FE59 /* Assets.xcassets */ = {isa = PBXFileReference; lastKnownFileType = folder.assetcatalog; path = Assets.xcassets; sourceTree = "<group>"; };
		DDC150681CD1F32D0015FE59 /* Base */ = {isa = PBXFileReference; lastKnownFileType = file.storyboard; name = Base; path = Base.lproj/LaunchScreen.storyboard; sourceTree = "<group>"; };
		DDC1506A1CD1F32D0015FE59 /* Info.plist */ = {isa = PBXFileReference; lastKnownFileType = text.plist.xml; path = Info.plist; sourceTree = "<group>"; };
/* End PBXFileReference section */

/* Begin PBXFrameworksBuildPhase section */
		DDC150581CD1F32D0015FE59 /* Frameworks */ = {
			isa = PBXFrameworksBuildPhase;
			buildActionMask = 2147483647;
			files = (
			);
			runOnlyForDeploymentPostprocessing = 0;
		};
/* End PBXFrameworksBuildPhase section */

/* Begin PBXGroup section */
		DDC150521CD1F32D0015FE59 = {
			isa = PBXGroup;
			children = (
				DDC1505D1CD1F32D0015FE59 /* tableview-practice */,
				DDC1505C1CD1F32D0015FE59 /* Products */,
			);
			sourceTree = "<group>";
		};
		DDC1505C1CD1F32D0015FE59 /* Products */ = {
			isa = PBXGroup;
			children = (
				DDC1505B1CD1F32D0015FE59 /* tableview-practice.app */,
			);
			name = Products;
			sourceTree = "<group>";
		};
		DDC1505D1CD1F32D0015FE59 /* tableview-practice */ = {
			isa = PBXGroup;
			children = (
				DDC1505E1CD1F32D0015FE59 /* AppDelegate.swift */,
				DDC150601CD1F32D0015FE59 /* ViewController.swift */,
				DDC150621CD1F32D0015FE59 /* Main.storyboard */,
				DDC150651CD1F32D0015FE59 /* Assets.xcassets */,
				DDC150671CD1F32D0015FE59 /* LaunchScreen.storyboard */,
				DDC1506A1CD1F32D0015FE59 /* Info.plist */,
			);
			path = "tableview-practice";
			sourceTree = "<group>";
		};
/* End PBXGroup section */

/* Begin PBXNativeTarget section */
		DDC1505A1CD1F32D0015FE59 /* tableview-practice */ = {
			isa = PBXNativeTarget;
			buildConfigurationList = DDC1506D1CD1F32D0015FE59 /* Build configuration list for PBXNativeTarget "tableview-practice" */;
			buildPhases = (
				DDC150571CD1F32D0015FE59 /* Sources */,
				DDC150581CD1F32D0015FE59 /* Frameworks */,
				DDC150591CD1F32D0015FE59 /* Resources */,
			);
			buildRules = (
			);
			dependencies = (
			);
			name = "tableview-practice";
			productName = "tableview-practice";
			productReference = DDC1505B1CD1F32D0015FE59 /* tableview-practice.app */;
			productType = "com.apple.product-type.application";
		};
/* End PBXNativeTarget section */

/* Begin PBXProject section */
		DDC150531CD1F32D0015FE59 /* Project object */ = {
			isa = PBXProject;
			attributes = {
				LastSwiftUpdateCheck = 0720;
				LastUpgradeCheck = 0720;
				ORGANIZATIONNAME = dwnnis;
				TargetAttributes = {
					DDC1505A1CD1F32D0015FE59 = {
						CreatedOnToolsVersion = 7.2;
						DevelopmentTeam = RFCBWA848L;
					};
				};
			};
			buildConfigurationList = DDC150561CD1F32D0015FE59 /* Build configuration list for PBXProject "tableview-practice" */;
			compatibilityVersion = "Xcode 3.2";
			developmentRegion = English;
			hasScannedForEncodings = 0;
			knownRegions = (
				en,
				Base,
			);
			mainGroup = DDC150521CD1F32D0015FE59;
			productRefGroup = DDC1505C1CD1F32D0015FE59 /* Products */;
			projectDirPath = "";
			projectRoot = "";
			targets = (
				DDC1505A1CD1F32D0015FE59 /* tableview-practice */,
			);
		};
/* End PBXProject section */

/* Begin PBXResourcesBuildPhase section */
		DDC150591CD1F32D0015FE59 /* Resources */ = {
			isa = PBXResourcesBuildPhase;
			buildActionMask = 2147483647;
			files = (
				DDC150691CD1F32D0015FE59 /* LaunchScreen.storyboard in Resources */,
				DDC150661CD1F32D0015FE59 /* Assets.xcassets in Resources */,
				DDC150641CD1F32D0015FE59 /* Main.storyboard in Resources */,
			);
			runOnlyForDeploymentPostprocessing = 0;
		};
/* End PBXResourcesBuildPhase section */

/* Begin PBXSourcesBuildPhase section */
		DDC150571CD1F32D0015FE59 /* Sources */ = {
			isa = PBXSourcesBuildPhase;
			buildActionMask = 2147483647;
			files = (
				DDC150611CD1F32D0015FE59 /* ViewController.swift in Sources */,
				DDC1505F1CD1F32D0015FE59 /* AppDelegate.swift in Sources */,
			);
			runOnlyForDeploymentPostprocessing = 0;
		};
/* End PBXSourcesBuildPhase section */

/* Begin PBXVariantGroup section */
		DDC150621CD1F32D0015FE59 /* Main.storyboard */ = {
			isa = PBXVariantGroup;
			children = (
				DDC150631CD1F32D0015FE59 /* Base */,
			);
			name = Main.storyboard;
			sourceTree = "<group>";
		};
		DDC150671CD1F32D0015FE59 /* LaunchScreen.storyboard */ = {
			isa = PBXVariantGroup;
			children = (
				DDC150681CD1F32D0015FE59 /* Base */,
			);
			name = LaunchScreen.storyboard;
			sourceTree = "<group>";
		};
/* End PBXVariantGroup section */

/* Begin XCBuildConfiguration section */
		DDC1506B1CD1F32D0015FE59 /* Debug */ = {
			isa = XCBuildConfiguration;
			buildSettings = {
				ALWAYS_SEARCH_USER_PATHS = NO;
				CLANG_CXX_LANGUAGE_STANDARD = "gnu++0x";
				CLANG_CXX_LIBRARY = "libc++";
				CLANG_ENABLE_MODULES = YES;
				CLANG_ENABLE_OBJC_ARC = YES;
				CLANG_WARN_BOOL_CONVERSION = YES;
				CLANG_WARN_CONSTANT_CONVERSION = YES;
				CLANG_WARN_DIRECT_OBJC_ISA_USAGE = YES_ERROR;
				CLANG_WARN_EMPTY_BODY = YES;
				CLANG_WARN_ENUM_CONVERSION = YES;
				CLANG_WARN_INT_CONVERSION = YES;
				CLANG_WARN_OBJC_ROOT_CLASS = YES_ERROR;
				CLANG_WARN_UNREACHABLE_CODE = YES;
				CLANG_WARN__DUPLICATE_METHOD_MATCH = YES;
				"CODE_SIGN_IDENTITY[sdk=iphoneos*]" = "iPhone Developer";
				COPY_PHASE_STRIP = NO;
				DEBUG_INFORMATION_FORMAT = dwarf;
				ENABLE_STRICT_OBJC_MSGSEND = YES;
				ENABLE_TESTABILITY = YES;
				GCC_C_LANGUAGE_STANDARD = gnu99;
				GCC_DYNAMIC_NO_PIC = NO;
				GCC_NO_COMMON_BLOCKS = YES;
				GCC_OPTIMIZATION_LEVEL = 0;
				GCC_PREPROCESSOR_DEFINITIONS = (
					"DEBUG=1",
					"$(inherited)",
				);
				GCC_WARN_64_TO_32_BIT_CONVERSION = YES;
				GCC_WARN_ABOUT_RETURN_TYPE = YES_ERROR;
				GCC_WARN_UNDECLARED_SELECTOR = YES;
				GCC_WARN_UNINITIALIZED_AUTOS = YES_AGGRESSIVE;
				GCC_WARN_UNUSED_FUNCTION = YES;
				GCC_WARN_UNUSED_VARIABLE = YES;
				IPHONEOS_DEPLOYMENT_TARGET = 9.2;
				MTL_ENABLE_DEBUG_INFO = YES;
				ONLY_ACTIVE_ARCH = YES;
				SDKROOT = iphoneos;
				SWIFT_OPTIMIZATION_LEVEL = "-Onone";
				TARGETED_DEVICE_FAMILY = "1,2";
			};
			name = Debug;
		};
		DDC1506C1CD1F32D0015FE59 /* Release */ = {
			isa = XCBuildConfiguration;
			buildSettings = {
				ALWAYS_SEARCH_USER_PATHS = NO;
				CLANG_CXX_LANGUAGE_STANDARD = "gnu++0x";
				CLANG_CXX_LIBRARY = "libc++";
				CLANG_ENABLE_MODULES = YES;
				CLANG_ENABLE_OBJC_ARC = YES;
				CLANG_WARN_BOOL_CONVERSION = YES;
				CLANG_WARN_CONSTANT_CONVERSION = YES;
				CLANG_WARN_DIRECT_OBJC_ISA_USAGE = YES_ERROR;
				CLANG_WARN_EMPTY_BODY = YES;
				CLANG_WARN_ENUM_CONVERSION = YES;
				CLANG_WARN_INT_CONVERSION = YES;
				CLANG_WARN_OBJC_ROOT_CLASS = YES_ERROR;
				CLANG_WARN_UNREACHABLE_CODE = YES;
				CLANG_WARN__DUPLICATE_METHOD_MATCH = YES;
				"CODE_SIGN_IDENTITY[sdk=iphoneos*]" = "iPhone Developer";
				COPY_PHASE_STRIP = NO;
				DEBUG_INFORMATION_FORMAT = "dwarf-with-dsym";
				ENABLE_NS_ASSERTIONS = NO;
				ENABLE_STRICT_OBJC_MSGSEND = YES;
				GCC_C_LANGUAGE_STANDARD = gnu99;
				GCC_NO_COMMON_BLOCKS = YES;
				GCC_WARN_64_TO_32_BIT_CONVERSION = YES;
				GCC_WARN_ABOUT_RETURN_TYPE = YES_ERROR;
				GCC_WARN_UNDECLARED_SELECTOR = YES;
				GCC_WARN_UNINITIALIZED_AUTOS = YES_AGGRESSIVE;
				GCC_WARN_UNUSED_FUNCTION = YES;
				GCC_WARN_UNUSED_VARIABLE = YES;
				IPHONEOS_DEPLOYMENT_TARGET = 9.2;
				MTL_ENABLE_DEBUG_INFO = NO;
				SDKROOT = iphoneos;
				TARGETED_DEVICE_FAMILY = "1,2";
				VALIDATE_PRODUCT = YES;
			};
			name = Release;
		};
		DDC1506E1CD1F32D0015FE59 /* Debug */ = {
			isa = XCBuildConfiguration;
			buildSettings = {
				ASSETCATALOG_COMPILER_APPICON_NAME = AppIcon;
				INFOPLIST_FILE = "tableview-practice/Info.plist";
				LD_RUNPATH_SEARCH_PATHS = "$(inherited) @executable_path/Frameworks";
				PRODUCT_BUNDLE_IDENTIFIER = "tw.dwnnis.tableview-practice";
				PRODUCT_NAME = "$(TARGET_NAME)";
			};
			name = Debug;
		};
		DDC1506F1CD1F32D0015FE59 /* Release */ = {
			isa = XCBuildConfiguration;
			buildSettings = {
				ASSETCATALOG_COMPILER_APPICON_NAME = AppIcon;
				INFOPLIST_FILE = "tableview-practice/Info.plist";
				LD_RUNPATH_SEARCH_PATHS = "$(inherited) @executable_path/Frameworks";
				PRODUCT_BUNDLE_IDENTIFIER = "tw.dwnnis.tableview-practice";
				PRODUCT_NAME = "$(TARGET_NAME)";
			};
			name = Release;
		};
/* End XCBuildConfiguration section */

/* Begin XCConfigurationList section */
		DDC150561CD1F32D0015FE59 /* Build configuration list for PBXProject "tableview-practice" */ = {
			isa = XCConfigurationList;
			buildConfigurations = (
				DDC1506B1CD1F32D0015FE59 /* Debug */,
				DDC1506C1CD1F32D0015FE59 /* Release */,
			);
			defaultConfigurationIsVisible = 0;
			defaultConfigurationName = Release;
		};
		DDC1506D1CD1F32D0015FE59 /* Build configuration list for PBXNativeTarget "tableview-practice" */ = {
			isa = XCConfigurationList;
			buildConfigurations = (
				DDC1506E1CD1F32D0015FE59 /* Debug */,
				DDC1506F1CD1F32D0015FE59 /* Release */,
			);
			defaultConfigurationIsVisible = 0;
		};
/* End XCConfigurationList section */
	};
	rootObject = DDC150531CD1F32D0015FE59 /* Project object */;
}
