// !$*UTF8*$!
{
	archiveVersion = 1;
	classes = {
	};
	objectVersion = 46;
	objects = {

/* Begin PBXBuildFile section */
		DDDB46011C9A51FD001FD962 /* AppDelegate.swift in Sources */ = {isa = PBXBuildFile; fileRef = DDDB46001C9A51FD001FD962 /* AppDelegate.swift */; };
		DDDB46031C9A51FD001FD962 /* ViewController.swift in Sources */ = {isa = PBXBuildFile; fileRef = DDDB46021C9A51FD001FD962 /* ViewController.swift */; };
		DDDB46061C9A51FD001FD962 /* Main.storyboard in Resources */ = {isa = PBXBuildFile; fileRef = DDDB46041C9A51FD001FD962 /* Main.storyboard */; };
		DDDB46081C9A51FD001FD962 /* Assets.xcassets in Resources */ = {isa = PBXBuildFile; fileRef = DDDB46071C9A51FD001FD962 /* Assets.xcassets */; };
		DDDB460B1C9A51FD001FD962 /* LaunchScreen.storyboard in Resources */ = {isa = PBXBuildFile; fileRef = DDDB46091C9A51FD001FD962 /* LaunchScreen.storyboard */; };
		F340A2CA5D79BC76B2740017 /* Pods.framework in Frameworks */ = {isa = PBXBuildFile; fileRef = 27DCFA3133EABF3C45A92B94 /* Pods.framework */; };
/* End PBXBuildFile section */

/* Begin PBXFileReference section */
		27DCFA3133EABF3C45A92B94 /* Pods.framework */ = {isa = PBXFileReference; explicitFileType = wrapper.framework; includeInIndex = 0; path = Pods.framework; sourceTree = BUILT_PRODUCTS_DIR; };
		9ED3992E78CC03C9F4A0103D /* Pods.debug.xcconfig */ = {isa = PBXFileReference; includeInIndex = 1; lastKnownFileType = text.xcconfig; name = Pods.debug.xcconfig; path = "Pods/Target Support Files/Pods/Pods.debug.xcconfig"; sourceTree = "<group>"; };
		DDDB45FD1C9A51FD001FD962 /* calculator.app */ = {isa = PBXFileReference; explicitFileType = wrapper.application; includeInIndex = 0; path = calculator.app; sourceTree = BUILT_PRODUCTS_DIR; };
		DDDB46001C9A51FD001FD962 /* AppDelegate.swift */ = {isa = PBXFileReference; lastKnownFileType = sourcecode.swift; path = AppDelegate.swift; sourceTree = "<group>"; };
		DDDB46021C9A51FD001FD962 /* ViewController.swift */ = {isa = PBXFileReference; lastKnownFileType = sourcecode.swift; path = ViewController.swift; sourceTree = "<group>"; };
		DDDB46051C9A51FD001FD962 /* Base */ = {isa = PBXFileReference; lastKnownFileType = file.storyboard; name = Base; path = Base.lproj/Main.storyboard; sourceTree = "<group>"; };
		DDDB46071C9A51FD001FD962 /* Assets.xcassets */ = {isa = PBXFileReference; lastKnownFileType = folder.assetcatalog; path = Assets.xcassets; sourceTree = "<group>"; };
		DDDB460A1C9A51FD001FD962 /* Base */ = {isa = PBXFileReference; lastKnownFileType = file.storyboard; name = Base; path = Base.lproj/LaunchScreen.storyboard; sourceTree = "<group>"; };
		DDDB460C1C9A51FD001FD962 /* Info.plist */ = {isa = PBXFileReference; lastKnownFileType = text.plist.xml; path = Info.plist; sourceTree = "<group>"; };
		F619C3172938601BFB57237B /* Pods.release.xcconfig */ = {isa = PBXFileReference; includeInIndex = 1; lastKnownFileType = text.xcconfig; name = Pods.release.xcconfig; path = "Pods/Target Support Files/Pods/Pods.release.xcconfig"; sourceTree = "<group>"; };
/* End PBXFileReference section */

/* Begin PBXFrameworksBuildPhase section */
		DDDB45FA1C9A51FD001FD962 /* Frameworks */ = {
			isa = PBXFrameworksBuildPhase;
			buildActionMask = 2147483647;
			files = (
				F340A2CA5D79BC76B2740017 /* Pods.framework in Frameworks */,
			);
			runOnlyForDeploymentPostprocessing = 0;
		};
/* End PBXFrameworksBuildPhase section */

/* Begin PBXGroup section */
		1AB84B844DAA8C1A5947D425 /* Frameworks */ = {
			isa = PBXGroup;
			children = (
				27DCFA3133EABF3C45A92B94 /* Pods.framework */,
			);
			name = Frameworks;
			sourceTree = "<group>";
		};
		4BB6AF4113F639862790BE2A /* Pods */ = {
			isa = PBXGroup;
			children = (
				9ED3992E78CC03C9F4A0103D /* Pods.debug.xcconfig */,
				F619C3172938601BFB57237B /* Pods.release.xcconfig */,
			);
			name = Pods;
			sourceTree = "<group>";
		};
		DDDB45F41C9A51FD001FD962 = {
			isa = PBXGroup;
			children = (
				DDDB45FF1C9A51FD001FD962 /* calculator */,
				DDDB45FE1C9A51FD001FD962 /* Products */,
				4BB6AF4113F639862790BE2A /* Pods */,
				1AB84B844DAA8C1A5947D425 /* Frameworks */,
			);
			sourceTree = "<group>";
		};
		DDDB45FE1C9A51FD001FD962 /* Products */ = {
			isa = PBXGroup;
			children = (
				DDDB45FD1C9A51FD001FD962 /* calculator.app */,
			);
			name = Products;
			sourceTree = "<group>";
		};
		DDDB45FF1C9A51FD001FD962 /* calculator */ = {
			isa = PBXGroup;
			children = (
				DDDB46001C9A51FD001FD962 /* AppDelegate.swift */,
				DDDB46021C9A51FD001FD962 /* ViewController.swift */,
				DDDB46041C9A51FD001FD962 /* Main.storyboard */,
				DDDB46071C9A51FD001FD962 /* Assets.xcassets */,
				DDDB46091C9A51FD001FD962 /* LaunchScreen.storyboard */,
				DDDB460C1C9A51FD001FD962 /* Info.plist */,
			);
			path = calculator;
			sourceTree = "<group>";
		};
/* End PBXGroup section */

/* Begin PBXNativeTarget section */
		DDDB45FC1C9A51FD001FD962 /* calculator */ = {
			isa = PBXNativeTarget;
			buildConfigurationList = DDDB460F1C9A51FD001FD962 /* Build configuration list for PBXNativeTarget "calculator" */;
			buildPhases = (
				46C6FDAEC2EEE9D048F111D3 /* Check Pods Manifest.lock */,
				DDDB45F91C9A51FD001FD962 /* Sources */,
				DDDB45FA1C9A51FD001FD962 /* Frameworks */,
				DDDB45FB1C9A51FD001FD962 /* Resources */,
				D8E381E6EBC4135E956D39E8 /* Embed Pods Frameworks */,
				0C5BA855D88BF22B1D55A2A5 /* Copy Pods Resources */,
			);
			buildRules = (
			);
			dependencies = (
			);
			name = calculator;
			productName = calculator;
			productReference = DDDB45FD1C9A51FD001FD962 /* calculator.app */;
			productType = "com.apple.product-type.application";
		};
/* End PBXNativeTarget section */

/* Begin PBXProject section */
		DDDB45F51C9A51FD001FD962 /* Project object */ = {
			isa = PBXProject;
			attributes = {
				LastSwiftUpdateCheck = 0720;
				LastUpgradeCheck = 0720;
				ORGANIZATIONNAME = dwnnis;
				TargetAttributes = {
					DDDB45FC1C9A51FD001FD962 = {
						CreatedOnToolsVersion = 7.2;
						DevelopmentTeam = RFCBWA848L;
					};
				};
			};
			buildConfigurationList = DDDB45F81C9A51FD001FD962 /* Build configuration list for PBXProject "calculator" */;
			compatibilityVersion = "Xcode 3.2";
			developmentRegion = English;
			hasScannedForEncodings = 0;
			knownRegions = (
				en,
				Base,
			);
			mainGroup = DDDB45F41C9A51FD001FD962;
			productRefGroup = DDDB45FE1C9A51FD001FD962 /* Products */;
			projectDirPath = "";
			projectRoot = "";
			targets = (
				DDDB45FC1C9A51FD001FD962 /* calculator */,
			);
		};
/* End PBXProject section */

/* Begin PBXResourcesBuildPhase section */
		DDDB45FB1C9A51FD001FD962 /* Resources */ = {
			isa = PBXResourcesBuildPhase;
			buildActionMask = 2147483647;
			files = (
				DDDB460B1C9A51FD001FD962 /* LaunchScreen.storyboard in Resources */,
				DDDB46081C9A51FD001FD962 /* Assets.xcassets in Resources */,
				DDDB46061C9A51FD001FD962 /* Main.storyboard in Resources */,
			);
			runOnlyForDeploymentPostprocessing = 0;
		};
/* End PBXResourcesBuildPhase section */

/* Begin PBXShellScriptBuildPhase section */
		0C5BA855D88BF22B1D55A2A5 /* Copy Pods Resources */ = {
			isa = PBXShellScriptBuildPhase;
			buildActionMask = 2147483647;
			files = (
			);
			inputPaths = (
			);
			name = "Copy Pods Resources";
			outputPaths = (
			);
			runOnlyForDeploymentPostprocessing = 0;
			shellPath = /bin/sh;
			shellScript = "\"${SRCROOT}/Pods/Target Support Files/Pods/Pods-resources.sh\"\n";
			showEnvVarsInLog = 0;
		};
		46C6FDAEC2EEE9D048F111D3 /* Check Pods Manifest.lock */ = {
			isa = PBXShellScriptBuildPhase;
			buildActionMask = 2147483647;
			files = (
			);
			inputPaths = (
			);
			name = "Check Pods Manifest.lock";
			outputPaths = (
			);
			runOnlyForDeploymentPostprocessing = 0;
			shellPath = /bin/sh;
			shellScript = "diff \"${PODS_ROOT}/../Podfile.lock\" \"${PODS_ROOT}/Manifest.lock\" > /dev/null\nif [[ $? != 0 ]] ; then\n    cat << EOM\nerror: The sandbox is not in sync with the Podfile.lock. Run 'pod install' or update your CocoaPods installation.\nEOM\n    exit 1\nfi\n";
			showEnvVarsInLog = 0;
		};
		D8E381E6EBC4135E956D39E8 /* Embed Pods Frameworks */ = {
			isa = PBXShellScriptBuildPhase;
			buildActionMask = 2147483647;
			files = (
			);
			inputPaths = (
			);
			name = "Embed Pods Frameworks";
			outputPaths = (
			);
			runOnlyForDeploymentPostprocessing = 0;
			shellPath = /bin/sh;
			shellScript = "\"${SRCROOT}/Pods/Target Support Files/Pods/Pods-frameworks.sh\"\n";
			showEnvVarsInLog = 0;
		};
/* End PBXShellScriptBuildPhase section */

/* Begin PBXSourcesBuildPhase section */
		DDDB45F91C9A51FD001FD962 /* Sources */ = {
			isa = PBXSourcesBuildPhase;
			buildActionMask = 2147483647;
			files = (
				DDDB46031C9A51FD001FD962 /* ViewController.swift in Sources */,
				DDDB46011C9A51FD001FD962 /* AppDelegate.swift in Sources */,
			);
			runOnlyForDeploymentPostprocessing = 0;
		};
/* End PBXSourcesBuildPhase section */

/* Begin PBXVariantGroup section */
		DDDB46041C9A51FD001FD962 /* Main.storyboard */ = {
			isa = PBXVariantGroup;
			children = (
				DDDB46051C9A51FD001FD962 /* Base */,
			);
			name = Main.storyboard;
			sourceTree = "<group>";
		};
		DDDB46091C9A51FD001FD962 /* LaunchScreen.storyboard */ = {
			isa = PBXVariantGroup;
			children = (
				DDDB460A1C9A51FD001FD962 /* Base */,
			);
			name = LaunchScreen.storyboard;
			sourceTree = "<group>";
		};
/* End PBXVariantGroup section */

/* Begin XCBuildConfiguration section */
		DDDB460D1C9A51FD001FD962 /* Debug */ = {
			isa = XCBuildConfiguration;
			buildSettings = {
				ALWAYS_SEARCH_USER_PATHS = NO;
				CLANG_CXX_LANGUAGE_STANDARD = "gnu++0x";
				CLANG_CXX_LIBRARY = "libc++";
				CLANG_ENABLE_MODULES = YES;
				CLANG_ENABLE_OBJC_ARC = YES;
				CLANG_WARN_BOOL_CONVERSION = YES;
				CLANG_WARN_CONSTANT_CONVERSION = YES;
				CLANG_WARN_DIRECT_OBJC_ISA_USAGE = YES_ERROR;
				CLANG_WARN_EMPTY_BODY = YES;
				CLANG_WARN_ENUM_CONVERSION = YES;
				CLANG_WARN_INT_CONVERSION = YES;
				CLANG_WARN_OBJC_ROOT_CLASS = YES_ERROR;
				CLANG_WARN_UNREACHABLE_CODE = YES;
				CLANG_WARN__DUPLICATE_METHOD_MATCH = YES;
				"CODE_SIGN_IDENTITY[sdk=iphoneos*]" = "iPhone Developer";
				COPY_PHASE_STRIP = NO;
				DEBUG_INFORMATION_FORMAT = dwarf;
				ENABLE_STRICT_OBJC_MSGSEND = YES;
				ENABLE_TESTABILITY = YES;
				GCC_C_LANGUAGE_STANDARD = gnu99;
				GCC_DYNAMIC_NO_PIC = NO;
				GCC_NO_COMMON_BLOCKS = YES;
				GCC_OPTIMIZATION_LEVEL = 0;
				GCC_PREPROCESSOR_DEFINITIONS = (
					"DEBUG=1",
					"$(inherited)",
				);
				GCC_WARN_64_TO_32_BIT_CONVERSION = YES;
				GCC_WARN_ABOUT_RETURN_TYPE = YES_ERROR;
				GCC_WARN_UNDECLARED_SELECTOR = YES;
				GCC_WARN_UNINITIALIZED_AUTOS = YES_AGGRESSIVE;
				GCC_WARN_UNUSED_FUNCTION = YES;
				GCC_WARN_UNUSED_VARIABLE = YES;
				IPHONEOS_DEPLOYMENT_TARGET = 9.2;
				MTL_ENABLE_DEBUG_INFO = YES;
				ONLY_ACTIVE_ARCH = YES;
				SDKROOT = iphoneos;
				SWIFT_OPTIMIZATION_LEVEL = "-Onone";
				TARGETED_DEVICE_FAMILY = "1,2";
			};
			name = Debug;
		};
		DDDB460E1C9A51FD001FD962 /* Release */ = {
			isa = XCBuildConfiguration;
			buildSettings = {
				ALWAYS_SEARCH_USER_PATHS = NO;
				CLANG_CXX_LANGUAGE_STANDARD = "gnu++0x";
				CLANG_CXX_LIBRARY = "libc++";
				CLANG_ENABLE_MODULES = YES;
				CLANG_ENABLE_OBJC_ARC = YES;
				CLANG_WARN_BOOL_CONVERSION = YES;
				CLANG_WARN_CONSTANT_CONVERSION = YES;
				CLANG_WARN_DIRECT_OBJC_ISA_USAGE = YES_ERROR;
				CLANG_WARN_EMPTY_BODY = YES;
				CLANG_WARN_ENUM_CONVERSION = YES;
				CLANG_WARN_INT_CONVERSION = YES;
				CLANG_WARN_OBJC_ROOT_CLASS = YES_ERROR;
				CLANG_WARN_UNREACHABLE_CODE = YES;
				CLANG_WARN__DUPLICATE_METHOD_MATCH = YES;
				"CODE_SIGN_IDENTITY[sdk=iphoneos*]" = "iPhone Developer";
				COPY_PHASE_STRIP = NO;
				DEBUG_INFORMATION_FORMAT = "dwarf-with-dsym";
				ENABLE_NS_ASSERTIONS = NO;
				ENABLE_STRICT_OBJC_MSGSEND = YES;
				GCC_C_LANGUAGE_STANDARD = gnu99;
				GCC_NO_COMMON_BLOCKS = YES;
				GCC_WARN_64_TO_32_BIT_CONVERSION = YES;
				GCC_WARN_ABOUT_RETURN_TYPE = YES_ERROR;
				GCC_WARN_UNDECLARED_SELECTOR = YES;
				GCC_WARN_UNINITIALIZED_AUTOS = YES_AGGRESSIVE;
				GCC_WARN_UNUSED_FUNCTION = YES;
				GCC_WARN_UNUSED_VARIABLE = YES;
				IPHONEOS_DEPLOYMENT_TARGET = 9.2;
				MTL_ENABLE_DEBUG_INFO = NO;
				SDKROOT = iphoneos;
				TARGETED_DEVICE_FAMILY = "1,2";
				VALIDATE_PRODUCT = YES;
			};
			name = Release;
		};
		DDDB46101C9A51FD001FD962 /* Debug */ = {
			isa = XCBuildConfiguration;
			baseConfigurationReference = 9ED3992E78CC03C9F4A0103D /* Pods.debug.xcconfig */;
			buildSettings = {
				ASSETCATALOG_COMPILER_APPICON_NAME = AppIcon;
				INFOPLIST_FILE = calculator/Info.plist;
				LD_RUNPATH_SEARCH_PATHS = "$(inherited) @executable_path/Frameworks";
				PRODUCT_BUNDLE_IDENTIFIER = tw.dwnnis.calculator;
				PRODUCT_NAME = "$(TARGET_NAME)";
			};
			name = Debug;
		};
		DDDB46111C9A51FD001FD962 /* Release */ = {
			isa = XCBuildConfiguration;
			baseConfigurationReference = F619C3172938601BFB57237B /* Pods.release.xcconfig */;
			buildSettings = {
				ASSETCATALOG_COMPILER_APPICON_NAME = AppIcon;
				INFOPLIST_FILE = calculator/Info.plist;
				LD_RUNPATH_SEARCH_PATHS = "$(inherited) @executable_path/Frameworks";
				PRODUCT_BUNDLE_IDENTIFIER = tw.dwnnis.calculator;
				PRODUCT_NAME = "$(TARGET_NAME)";
			};
			name = Release;
		};
/* End XCBuildConfiguration section */

/* Begin XCConfigurationList section */
		DDDB45F81C9A51FD001FD962 /* Build configuration list for PBXProject "calculator" */ = {
			isa = XCConfigurationList;
			buildConfigurations = (
				DDDB460D1C9A51FD001FD962 /* Debug */,
				DDDB460E1C9A51FD001FD962 /* Release */,
			);
			defaultConfigurationIsVisible = 0;
			defaultConfigurationName = Release;
		};
		DDDB460F1C9A51FD001FD962 /* Build configuration list for PBXNativeTarget "calculator" */ = {
			isa = XCConfigurationList;
			buildConfigurations = (
				DDDB46101C9A51FD001FD962 /* Debug */,
				DDDB46111C9A51FD001FD962 /* Release */,
			);
			defaultConfigurationIsVisible = 0;
			defaultConfigurationName = Release;
		};
/* End XCConfigurationList section */
	};
	rootObject = DDDB45F51C9A51FD001FD962 /* Project object */;
}
